
Microsoft Visual Studio Solution File, Format Version 12.00
# Visual Studio Version 16
VisualStudioVersion = 16.0.31129.286
MinimumVisualStudioVersion = 10.0.40219.1
Project("{9A19103F-16F7-4668-BE54-9A1E7A4F7556}") = "NoCeiling.Duc.Interview.Test.TextSnippet.Api", "NoCeiling.Duc.Interview.Test.TextSnippet.Api\NoCeiling.Duc.Interview.Test.TextSnippet.Api.csproj", "{721EE62A-F873-4AB8-B318-27A058D22943}"
EndProject
Project("{2150E333-8FDC-42A3-9474-1A3956D46DE8}") = "BuildingBlocks", "BuildingBlocks", "{DD7EC141-4769-4789-BC8B-ADED72046A0E}"
EndProject
Project("{2150E333-8FDC-42A3-9474-1A3956D46DE8}") = "Services", "Services", "{BFE17253-B0D5-4C75-9E36-B41B0025853D}"
EndProject
Project("{2150E333-8FDC-42A3-9474-1A3956D46DE8}") = "TextSnippet", "TextSnippet", "{24E30956-7F1B-449D-9B28-F5BD57717438}"
EndProject
Project("{9A19103F-16F7-4668-BE54-9A1E7A4F7556}") = "NoCeiling.Duc.Interview.Test.Platform", "..\BuildingBlocks\NoCeiling.Duc.Interview.Test.Platform\NoCeiling.Duc.Interview.Test.Platform.csproj", "{F37BE781-8E45-46CE-8F11-A31CB4F2A2BC}"
EndProject
Global
	GlobalSection(SolutionConfigurationPlatforms) = preSolution
		Debug|Any CPU = Debug|Any CPU
		Release|Any CPU = Release|Any CPU
	EndGlobalSection
	GlobalSection(ProjectConfigurationPlatforms) = postSolution
		{721EE62A-F873-4AB8-B318-27A058D22943}.Debug|Any CPU.ActiveCfg = Debug|Any CPU
		{721EE62A-F873-4AB8-B318-27A058D22943}.Debug|Any CPU.Build.0 = Debug|Any CPU
		{721EE62A-F873-4AB8-B318-27A058D22943}.Release|Any CPU.ActiveCfg = Release|Any CPU
		{721EE62A-F873-4AB8-B318-27A058D22943}.Release|Any CPU.Build.0 = Release|Any CPU
		{F37BE781-8E45-46CE-8F11-A31CB4F2A2BC}.Debug|Any CPU.ActiveCfg = Debug|Any CPU
		{F37BE781-8E45-46CE-8F11-A31CB4F2A2BC}.Debug|Any CPU.Build.0 = Debug|Any CPU
		{F37BE781-8E45-46CE-8F11-A31CB4F2A2BC}.Release|Any CPU.ActiveCfg = Release|Any CPU
		{F37BE781-8E45-46CE-8F11-A31CB4F2A2BC}.Release|Any CPU.Build.0 = Release|Any CPU
	EndGlobalSection
	GlobalSection(SolutionProperties) = preSolution
		HideSolutionNode = FALSE
	EndGlobalSection
	GlobalSection(NestedProjects) = preSolution
		{721EE62A-F873-4AB8-B318-27A058D22943} = {24E30956-7F1B-449D-9B28-F5BD57717438}
		{24E30956-7F1B-449D-9B28-F5BD57717438} = {BFE17253-B0D5-4C75-9E36-B41B0025853D}
		{F37BE781-8E45-46CE-8F11-A31CB4F2A2BC} = {DD7EC141-4769-4789-BC8B-ADED72046A0E}
	EndGlobalSection
	GlobalSection(ExtensibilityGlobals) = postSolution
		SolutionGuid = {1547782A-8ABF-4E37-8BAC-C85487175C1B}
	EndGlobalSection
EndGlobal
